
Microsoft Visual Studio Solution File, Format Version 12.00
# Visual Studio Version 16
VisualStudioVersion = 16.0.29519.87
MinimumVisualStudioVersion = 10.0.40219.1
Project("{8BC9CEB8-8B4A-11D0-8D11-00A0C91BC942}") = "main", "main\main.vcxproj", "{38BBB8DC-DAE8-423B-9474-DC9B89387896}"
EndProject
Global
	GlobalSection(SolutionConfigurationPlatforms) = preSolution
		Debug|x64 = Debug|x64
		Debug|x86 = Debug|x86
		Release|x64 = Release|x64
		Release|x86 = Release|x86
	EndGlobalSection
	GlobalSection(ProjectConfigurationPlatforms) = postSolution
		{38BBB8DC-DAE8-423B-9474-DC9B89387896}.Debug|x64.ActiveCfg = Debug|x64
		{38BBB8DC-DAE8-423B-9474-DC9B89387896}.Debug|x64.Build.0 = Debug|x64
		{38BBB8DC-DAE8-423B-9474-DC9B89387896}.Debug|x86.ActiveCfg = Debug|Win32
		{38BBB8DC-DAE8-423B-9474-DC9B89387896}.Debug|x86.Build.0 = Debug|Win32
		{38BBB8DC-DAE8-423B-9474-DC9B89387896}.Release|x64.ActiveCfg = Release|x64
		{38BBB8DC-DAE8-423B-9474-DC9B89387896}.Release|x64.Build.0 = Release|x64
		{38BBB8DC-DAE8-423B-9474-DC9B89387896}.Release|x86.ActiveCfg = Release|Win32
		{38BBB8DC-DAE8-423B-9474-DC9B89387896}.Release|x86.Build.0 = Release|Win32
	EndGlobalSection
	GlobalSection(SolutionProperties) = preSolution
		HideSolutionNode = FALSE
	EndGlobalSection
	GlobalSection(ExtensibilityGlobals) = postSolution
		SolutionGuid = {56D2BC2E-B15E-492D-B629-9431C3634682}
	EndGlobalSection
EndGlobal
